{
  "name": "nested-generics-repro",
  "version": "1.0.0",
  "lockfileVersion": 3,
  "requires": true,
  "packages": {
    "": {
      "name": "nested-generics-repro",
      "version": "1.0.0",
      "license": "ISC",
      "dependencies": {
        "@stencil/angular-output-target": "^0.7.2-dev.11691686917.1045ccb9"
      }
    },
    "node_modules/@stencil/angular-output-target": {
      "version": "0.7.2-dev.11691686917.1045ccb9",
      "resolved": "https://nexus.taf.nl:8443/repository/npm-group/@stencil/angular-output-target/-/angular-output-target-0.7.2-dev.11691686917.1045ccb9.tgz",
      "integrity": "sha512-sW4a/s+M0kXLjtu3vJIj9qWz1ROqudJY7YDW4pua2KUoaewWchS101krZ/8Rbcz0XjntX03yRBDVMgCp9x7+fw==",
      "license": "MIT",
      "peerDependencies": {
        "@stencil/core": ">=2.0.0 || >=3 || >= 4.0.0-beta.0 || >= 4.0.0"
      }
    },
    "node_modules/@stencil/core": {
      "version": "4.0.4",
      "resolved": "https://nexus.taf.nl:8443/repository/npm-group/@stencil/core/-/core-4.0.4.tgz",
      "integrity": "sha512-eE0BcjEH8JjS0XlgWGiQ0c3uxtJdLvnYRv8rK/WokhGdxht31UMhEM8r+pVHbLPD/y6cSApUfxTl1JVcFFs+Xw==",
      "license": "MIT",
      "peer": true,
      "bin": {
        "stencil": "bin/stencil"
      },
      "engines": {
        "node": ">=16.0.0",
        "npm": ">=7.10.0"
      }
    }
  }
}
